
Microsoft Visual Studio Solution File, Format Version 12.00
# Visual Studio Version 17
VisualStudioVersion = 17.1.32421.90
MinimumVisualStudioVersion = 10.0.40219.1
Project("{FAE04EC0-301F-11D3-BF4B-00C04F79EFBC}") = "WebAPICRUD_JWT", "WebAPICRUD_JWT\WebAPICRUD_JWT.csproj", "{49AD1BBE-DA91-4F42-A392-5406C46E11C3}"
EndProject
Global
	GlobalSection(SolutionConfigurationPlatforms) = preSolution
		Debug|Any CPU = Debug|Any CPU
		Release|Any CPU = Release|Any CPU
	EndGlobalSection
	GlobalSection(ProjectConfigurationPlatforms) = postSolution
		{49AD1BBE-DA91-4F42-A392-5406C46E11C3}.Debug|Any CPU.ActiveCfg = Debug|Any CPU
		{49AD1BBE-DA91-4F42-A392-5406C46E11C3}.Debug|Any CPU.Build.0 = Debug|Any CPU
		{49AD1BBE-DA91-4F42-A392-5406C46E11C3}.Release|Any CPU.ActiveCfg = Release|Any CPU
		{49AD1BBE-DA91-4F42-A392-5406C46E11C3}.Release|Any CPU.Build.0 = Release|Any CPU
	EndGlobalSection
	GlobalSection(SolutionProperties) = preSolution
		HideSolutionNode = FALSE
	EndGlobalSection
	GlobalSection(ExtensibilityGlobals) = postSolution
		SolutionGuid = {11AAE5DA-391A-4D12-AB98-1CFBEB959FDC}
	EndGlobalSection
EndGlobal
